
Microsoft Visual Studio Solution File, Format Version 12.00
# Visual Studio Version 17
VisualStudioVersion = 17.7.34009.444
MinimumVisualStudioVersion = 10.0.40219.1
Project("{FAE04EC0-301F-11D3-BF4B-00C04F79EFBC}") = "WorkingWithSensetivaData", "WorkingWithSensetivaData.csproj", "{F7D5C78A-B262-4683-9324-444A4C63EC7F}"
EndProject
Global
	GlobalSection(SolutionConfigurationPlatforms) = preSolution
		Debug|Any CPU = Debug|Any CPU
		Release|Any CPU = Release|Any CPU
	EndGlobalSection
	GlobalSection(ProjectConfigurationPlatforms) = postSolution
		{F7D5C78A-B262-4683-9324-444A4C63EC7F}.Debug|Any CPU.ActiveCfg = Debug|Any CPU
		{F7D5C78A-B262-4683-9324-444A4C63EC7F}.Debug|Any CPU.Build.0 = Debug|Any CPU
		{F7D5C78A-B262-4683-9324-444A4C63EC7F}.Release|Any CPU.ActiveCfg = Release|Any CPU
		{F7D5C78A-B262-4683-9324-444A4C63EC7F}.Release|Any CPU.Build.0 = Release|Any CPU
	EndGlobalSection
	GlobalSection(SolutionProperties) = preSolution
		HideSolutionNode = FALSE
	EndGlobalSection
	GlobalSection(ExtensibilityGlobals) = postSolution
		SolutionGuid = {88EA4DED-BCC8-43AD-8FDB-B3C31A546E02}
	EndGlobalSection
EndGlobal
